
Microsoft Visual Studio Solution File, Format Version 12.00
# Visual Studio Version 16
VisualStudioVersion = 16.0.32510.428
MinimumVisualStudioVersion = 10.0.40219.1
Project("{FAE04EC0-301F-11D3-BF4B-00C04F79EFBC}") = "charantest", "charantest\charantest.csproj", "{4A01442F-5650-4F5A-A7C4-52DEDE309B41}"
EndProject
Project("{FAE04EC0-301F-11D3-BF4B-00C04F79EFBC}") = "charanb", "charanb\charanb.csproj", "{A1F12EDF-6277-4FE2-8C15-8D73B054B2C3}"
EndProject
Global
	GlobalSection(SolutionConfigurationPlatforms) = preSolution
		Debug|Any CPU = Debug|Any CPU
		Release|Any CPU = Release|Any CPU
	EndGlobalSection
	GlobalSection(ProjectConfigurationPlatforms) = postSolution
		{4A01442F-5650-4F5A-A7C4-52DEDE309B41}.Debug|Any CPU.ActiveCfg = Debug|Any CPU
		{4A01442F-5650-4F5A-A7C4-52DEDE309B41}.Debug|Any CPU.Build.0 = Debug|Any CPU
		{4A01442F-5650-4F5A-A7C4-52DEDE309B41}.Release|Any CPU.ActiveCfg = Release|Any CPU
		{4A01442F-5650-4F5A-A7C4-52DEDE309B41}.Release|Any CPU.Build.0 = Release|Any CPU
		{A1F12EDF-6277-4FE2-8C15-8D73B054B2C3}.Debug|Any CPU.ActiveCfg = Debug|Any CPU
		{A1F12EDF-6277-4FE2-8C15-8D73B054B2C3}.Debug|Any CPU.Build.0 = Debug|Any CPU
		{A1F12EDF-6277-4FE2-8C15-8D73B054B2C3}.Release|Any CPU.ActiveCfg = Release|Any CPU
		{A1F12EDF-6277-4FE2-8C15-8D73B054B2C3}.Release|Any CPU.Build.0 = Release|Any CPU
	EndGlobalSection
	GlobalSection(SolutionProperties) = preSolution
		HideSolutionNode = FALSE
	EndGlobalSection
	GlobalSection(ExtensibilityGlobals) = postSolution
		SolutionGuid = {B8E612FA-1510-4CAE-A5F4-F9D0BA2DBE7A}
	EndGlobalSection
EndGlobal
