
Microsoft Visual Studio Solution File, Format Version 12.00
# Visual Studio Version 16
VisualStudioVersion = 16.0.32510.428
MinimumVisualStudioVersion = 10.0.40219.1
Project("{FAE04EC0-301F-11D3-BF4B-00C04F79EFBC}") = "ADO.net basics", "ADO.net Disconnection\ADO.net basics.csproj", "{E576FA9E-A328-4FB2-9DC7-056BBB30CFF6}"
EndProject
Project("{FAE04EC0-301F-11D3-BF4B-00C04F79EFBC}") = "Disconnection", "Disconnection\Disconnection.csproj", "{B44A55DA-E58C-4D01-9AE9-7563353F4CA7}"
EndProject
Project("{9A19103F-16F7-4668-BE54-9A1E7A4F7556}") = "NuGetBasics", "NewGetBasics\NuGetBasics.csproj", "{ED9AD438-9967-4438-B4E3-9F696587785A}"
EndProject
Project("{2150E333-8FDC-42A3-9474-1A3956D46DE8}") = "WebMVC", "WebMVC", "{04B4A75D-C101-416B-953E-F361EC622CF8}"
EndProject
Project("{9A19103F-16F7-4668-BE54-9A1E7A4F7556}") = "Hello Web App", "Hello Web App\Hello Web App.csproj", "{19DC27D9-E71A-4941-ADE8-2DC7D2CD71F6}"
EndProject
Project("{9A19103F-16F7-4668-BE54-9A1E7A4F7556}") = "MyBookLibrary", "MyBookLibrary1\MyBookLibrary.csproj", "{FCD12897-908E-4B14-95B8-DD25A20FA027}"
EndProject
Project("{2150E333-8FDC-42A3-9474-1A3956D46DE8}") = "NUnitBasics", "NUnitBasics", "{25E81A99-6E84-40C1-B0E0-C135C5CF2D31}"
EndProject
Project("{9A19103F-16F7-4668-BE54-9A1E7A4F7556}") = "MySampleLibraryTest", "MySampleLibraryTest\MySampleLibraryTest.csproj", "{B1A8A3DF-594D-48CA-B4BD-1A64F04D2D65}"
EndProject
Project("{9A19103F-16F7-4668-BE54-9A1E7A4F7556}") = "MySampleLibrary1", "MySampleLibrary1\MySampleLibrary1.csproj", "{12333BDB-0555-4ED1-92E9-94B21B362118}"
EndProject
Project("{2150E333-8FDC-42A3-9474-1A3956D46DE8}") = "Personal Project", "Personal Project", "{434DBC6C-C47A-4BC4-BB75-66E26C249F8D}"
EndProject
Project("{9A19103F-16F7-4668-BE54-9A1E7A4F7556}") = "Students", "Students\Students.csproj", "{A3BC5876-304D-4870-A167-F6ACC6CE4603}"
EndProject
Project("{2150E333-8FDC-42A3-9474-1A3956D46DE8}") = "NotesApp", "NotesApp", "{3BC13EE8-CD5F-4920-AC7E-1D90A7709FF7}"
EndProject
Project("{9A19103F-16F7-4668-BE54-9A1E7A4F7556}") = "NoteWebApp", "NoteWebApp\NoteWebApp.csproj", "{94E1F571-FDD6-4034-88AE-7E21277E6BF8}"
EndProject
Project("{9A19103F-16F7-4668-BE54-9A1E7A4F7556}") = "LinqBasics", "LinqBasics\LinqBasics.csproj", "{B080A442-FFAF-4D61-AAFD-0E828F7FDE6E}"
EndProject
Project("{2150E333-8FDC-42A3-9474-1A3956D46DE8}") = "Linqbasics", "Linqbasics", "{5C283F46-1FD5-4C03-8B56-056321BEFB71}"
EndProject
Project("{9A19103F-16F7-4668-BE54-9A1E7A4F7556}") = "LinqBasics2", "LinqBasics2\LinqBasics2.csproj", "{70E1C87B-BF0C-419B-8D8A-D1198C236635}"
EndProject
Project("{2150E333-8FDC-42A3-9474-1A3956D46DE8}") = "EF Core", "EF Core", "{2DA24574-BE6C-4063-B4F6-61FFDA8720A8}"
EndProject
Project("{9A19103F-16F7-4668-BE54-9A1E7A4F7556}") = "EFCoreBasics", "EFCoreBasics\EFCoreBasics.csproj", "{5C59D137-4786-4BFB-B3BE-92F2C6F1D275}"
EndProject
Project("{2150E333-8FDC-42A3-9474-1A3956D46DE8}") = ".netCore", ".netCore", "{60EC07A7-E406-41EF-9EA5-76C0280FB36A}"
EndProject
Project("{9A19103F-16F7-4668-BE54-9A1E7A4F7556}") = "EfcoreDBfirst", "EfcoreDBfirst\EfcoreDBfirst.csproj", "{2A99E4E4-A166-4CCA-917E-9B07A87ADF92}"
EndProject
Project("{2150E333-8FDC-42A3-9474-1A3956D46DE8}") = "REST", "REST", "{31183577-6381-4C0A-B377-1EDF4AB66786}"
EndProject
Project("{9A19103F-16F7-4668-BE54-9A1E7A4F7556}") = "WebApiBasics", "WebApiBasics\WebApiBasics.csproj", "{C1CDDBFD-2298-4766-A870-409BBE892296}"
EndProject
Project("{9A19103F-16F7-4668-BE54-9A1E7A4F7556}") = "Books.Core", "Books.Core\Books.Core.csproj", "{A2927379-E6D7-4171-B61A-13B9F7C85C30}"
EndProject
Project("{2150E333-8FDC-42A3-9474-1A3956D46DE8}") = "KeepNote2", "KeepNote2", "{65405CEB-3337-4F08-BC8B-E5A743DE1AA7}"
EndProject
Project("{9A19103F-16F7-4668-BE54-9A1E7A4F7556}") = "KeepNote2", "KeepNote2\KeepNote2.csproj", "{73C90779-AB44-49B4-9CDE-FD48AC03768F}"
EndProject
Project("{2150E333-8FDC-42A3-9474-1A3956D46DE8}") = "Solution Items", "Solution Items", "{D59FFEE2-E3EB-431E-868B-751A980F059F}"
	ProjectSection(SolutionItems) = preProject
		.editorconfig = .editorconfig
	EndProjectSection
EndProject
Project("{2150E333-8FDC-42A3-9474-1A3956D46DE8}") = "MoqBasics", "MoqBasics", "{8C2A8DCC-C35C-4F15-8479-FB42863BF6BD}"
EndProject
Project("{FAE04EC0-301F-11D3-BF4B-00C04F79EFBC}") = "StudentManager", "StudentManager\StudentManager.csproj", "{86FB790E-5336-466C-96F7-1192444932D6}"
EndProject
Project("{FAE04EC0-301F-11D3-BF4B-00C04F79EFBC}") = "StudentAdmissionTest", "StudentAdmissionTest\StudentAdmissionTest.csproj", "{01889421-3E4B-4A5D-856E-A1BEACA148EB}"
EndProject
Project("{2150E333-8FDC-42A3-9474-1A3956D46DE8}") = "API Testing", "API Testing", "{47A0628D-502B-4561-BA47-6A188A138C3F}"
EndProject
Project("{FAE04EC0-301F-11D3-BF4B-00C04F79EFBC}") = "MovieBooking", "MovieBooking\MovieBooking.csproj", "{9E75D54C-0289-4DCD-B052-0C44D590D114}"
EndProject
Project("{FAE04EC0-301F-11D3-BF4B-00C04F79EFBC}") = "BookingApiTest", "BookingApiTest\BookingApiTest.csproj", "{8569AF43-ADCD-437A-BD16-4EB30B2DED3A}"
EndProject
Global
	GlobalSection(SolutionConfigurationPlatforms) = preSolution
		Debug|Any CPU = Debug|Any CPU
		Release|Any CPU = Release|Any CPU
	EndGlobalSection
	GlobalSection(ProjectConfigurationPlatforms) = postSolution
		{E576FA9E-A328-4FB2-9DC7-056BBB30CFF6}.Debug|Any CPU.ActiveCfg = Debug|Any CPU
		{E576FA9E-A328-4FB2-9DC7-056BBB30CFF6}.Debug|Any CPU.Build.0 = Debug|Any CPU
		{E576FA9E-A328-4FB2-9DC7-056BBB30CFF6}.Release|Any CPU.ActiveCfg = Release|Any CPU
		{E576FA9E-A328-4FB2-9DC7-056BBB30CFF6}.Release|Any CPU.Build.0 = Release|Any CPU
		{B44A55DA-E58C-4D01-9AE9-7563353F4CA7}.Debug|Any CPU.ActiveCfg = Debug|Any CPU
		{B44A55DA-E58C-4D01-9AE9-7563353F4CA7}.Debug|Any CPU.Build.0 = Debug|Any CPU
		{B44A55DA-E58C-4D01-9AE9-7563353F4CA7}.Release|Any CPU.ActiveCfg = Release|Any CPU
		{B44A55DA-E58C-4D01-9AE9-7563353F4CA7}.Release|Any CPU.Build.0 = Release|Any CPU
		{ED9AD438-9967-4438-B4E3-9F696587785A}.Debug|Any CPU.ActiveCfg = Debug|Any CPU
		{ED9AD438-9967-4438-B4E3-9F696587785A}.Debug|Any CPU.Build.0 = Debug|Any CPU
		{ED9AD438-9967-4438-B4E3-9F696587785A}.Release|Any CPU.ActiveCfg = Release|Any CPU
		{ED9AD438-9967-4438-B4E3-9F696587785A}.Release|Any CPU.Build.0 = Release|Any CPU
		{19DC27D9-E71A-4941-ADE8-2DC7D2CD71F6}.Debug|Any CPU.ActiveCfg = Debug|Any CPU
		{19DC27D9-E71A-4941-ADE8-2DC7D2CD71F6}.Debug|Any CPU.Build.0 = Debug|Any CPU
		{19DC27D9-E71A-4941-ADE8-2DC7D2CD71F6}.Release|Any CPU.ActiveCfg = Release|Any CPU
		{19DC27D9-E71A-4941-ADE8-2DC7D2CD71F6}.Release|Any CPU.Build.0 = Release|Any CPU
		{FCD12897-908E-4B14-95B8-DD25A20FA027}.Debug|Any CPU.ActiveCfg = Debug|Any CPU
		{FCD12897-908E-4B14-95B8-DD25A20FA027}.Debug|Any CPU.Build.0 = Debug|Any CPU
		{FCD12897-908E-4B14-95B8-DD25A20FA027}.Release|Any CPU.ActiveCfg = Release|Any CPU
		{FCD12897-908E-4B14-95B8-DD25A20FA027}.Release|Any CPU.Build.0 = Release|Any CPU
		{B1A8A3DF-594D-48CA-B4BD-1A64F04D2D65}.Debug|Any CPU.ActiveCfg = Debug|Any CPU
		{B1A8A3DF-594D-48CA-B4BD-1A64F04D2D65}.Debug|Any CPU.Build.0 = Debug|Any CPU
		{B1A8A3DF-594D-48CA-B4BD-1A64F04D2D65}.Release|Any CPU.ActiveCfg = Release|Any CPU
		{B1A8A3DF-594D-48CA-B4BD-1A64F04D2D65}.Release|Any CPU.Build.0 = Release|Any CPU
		{12333BDB-0555-4ED1-92E9-94B21B362118}.Debug|Any CPU.ActiveCfg = Debug|Any CPU
		{12333BDB-0555-4ED1-92E9-94B21B362118}.Debug|Any CPU.Build.0 = Debug|Any CPU
		{12333BDB-0555-4ED1-92E9-94B21B362118}.Release|Any CPU.ActiveCfg = Release|Any CPU
		{12333BDB-0555-4ED1-92E9-94B21B362118}.Release|Any CPU.Build.0 = Release|Any CPU
		{A3BC5876-304D-4870-A167-F6ACC6CE4603}.Debug|Any CPU.ActiveCfg = Debug|Any CPU
		{A3BC5876-304D-4870-A167-F6ACC6CE4603}.Debug|Any CPU.Build.0 = Debug|Any CPU
		{A3BC5876-304D-4870-A167-F6ACC6CE4603}.Release|Any CPU.ActiveCfg = Release|Any CPU
		{A3BC5876-304D-4870-A167-F6ACC6CE4603}.Release|Any CPU.Build.0 = Release|Any CPU
		{94E1F571-FDD6-4034-88AE-7E21277E6BF8}.Debug|Any CPU.ActiveCfg = Debug|Any CPU
		{94E1F571-FDD6-4034-88AE-7E21277E6BF8}.Debug|Any CPU.Build.0 = Debug|Any CPU
		{94E1F571-FDD6-4034-88AE-7E21277E6BF8}.Release|Any CPU.ActiveCfg = Release|Any CPU
		{94E1F571-FDD6-4034-88AE-7E21277E6BF8}.Release|Any CPU.Build.0 = Release|Any CPU
		{B080A442-FFAF-4D61-AAFD-0E828F7FDE6E}.Debug|Any CPU.ActiveCfg = Debug|Any CPU
		{B080A442-FFAF-4D61-AAFD-0E828F7FDE6E}.Debug|Any CPU.Build.0 = Debug|Any CPU
		{B080A442-FFAF-4D61-AAFD-0E828F7FDE6E}.Release|Any CPU.ActiveCfg = Release|Any CPU
		{B080A442-FFAF-4D61-AAFD-0E828F7FDE6E}.Release|Any CPU.Build.0 = Release|Any CPU
		{70E1C87B-BF0C-419B-8D8A-D1198C236635}.Debug|Any CPU.ActiveCfg = Debug|Any CPU
		{70E1C87B-BF0C-419B-8D8A-D1198C236635}.Debug|Any CPU.Build.0 = Debug|Any CPU
		{70E1C87B-BF0C-419B-8D8A-D1198C236635}.Release|Any CPU.ActiveCfg = Release|Any CPU
		{70E1C87B-BF0C-419B-8D8A-D1198C236635}.Release|Any CPU.Build.0 = Release|Any CPU
		{5C59D137-4786-4BFB-B3BE-92F2C6F1D275}.Debug|Any CPU.ActiveCfg = Debug|Any CPU
		{5C59D137-4786-4BFB-B3BE-92F2C6F1D275}.Debug|Any CPU.Build.0 = Debug|Any CPU
		{5C59D137-4786-4BFB-B3BE-92F2C6F1D275}.Release|Any CPU.ActiveCfg = Release|Any CPU
		{5C59D137-4786-4BFB-B3BE-92F2C6F1D275}.Release|Any CPU.Build.0 = Release|Any CPU
		{2A99E4E4-A166-4CCA-917E-9B07A87ADF92}.Debug|Any CPU.ActiveCfg = Debug|Any CPU
		{2A99E4E4-A166-4CCA-917E-9B07A87ADF92}.Debug|Any CPU.Build.0 = Debug|Any CPU
		{2A99E4E4-A166-4CCA-917E-9B07A87ADF92}.Release|Any CPU.ActiveCfg = Release|Any CPU
		{2A99E4E4-A166-4CCA-917E-9B07A87ADF92}.Release|Any CPU.Build.0 = Release|Any CPU
		{C1CDDBFD-2298-4766-A870-409BBE892296}.Debug|Any CPU.ActiveCfg = Debug|Any CPU
		{C1CDDBFD-2298-4766-A870-409BBE892296}.Debug|Any CPU.Build.0 = Debug|Any CPU
		{C1CDDBFD-2298-4766-A870-409BBE892296}.Release|Any CPU.ActiveCfg = Release|Any CPU
		{C1CDDBFD-2298-4766-A870-409BBE892296}.Release|Any CPU.Build.0 = Release|Any CPU
		{A2927379-E6D7-4171-B61A-13B9F7C85C30}.Debug|Any CPU.ActiveCfg = Debug|Any CPU
		{A2927379-E6D7-4171-B61A-13B9F7C85C30}.Debug|Any CPU.Build.0 = Debug|Any CPU
		{A2927379-E6D7-4171-B61A-13B9F7C85C30}.Release|Any CPU.ActiveCfg = Release|Any CPU
		{A2927379-E6D7-4171-B61A-13B9F7C85C30}.Release|Any CPU.Build.0 = Release|Any CPU
		{73C90779-AB44-49B4-9CDE-FD48AC03768F}.Debug|Any CPU.ActiveCfg = Debug|Any CPU
		{73C90779-AB44-49B4-9CDE-FD48AC03768F}.Debug|Any CPU.Build.0 = Debug|Any CPU
		{73C90779-AB44-49B4-9CDE-FD48AC03768F}.Release|Any CPU.ActiveCfg = Release|Any CPU
		{73C90779-AB44-49B4-9CDE-FD48AC03768F}.Release|Any CPU.Build.0 = Release|Any CPU
		{86FB790E-5336-466C-96F7-1192444932D6}.Debug|Any CPU.ActiveCfg = Debug|Any CPU
		{86FB790E-5336-466C-96F7-1192444932D6}.Debug|Any CPU.Build.0 = Debug|Any CPU
		{86FB790E-5336-466C-96F7-1192444932D6}.Release|Any CPU.ActiveCfg = Release|Any CPU
		{86FB790E-5336-466C-96F7-1192444932D6}.Release|Any CPU.Build.0 = Release|Any CPU
		{01889421-3E4B-4A5D-856E-A1BEACA148EB}.Debug|Any CPU.ActiveCfg = Debug|Any CPU
		{01889421-3E4B-4A5D-856E-A1BEACA148EB}.Debug|Any CPU.Build.0 = Debug|Any CPU
		{01889421-3E4B-4A5D-856E-A1BEACA148EB}.Release|Any CPU.ActiveCfg = Release|Any CPU
		{01889421-3E4B-4A5D-856E-A1BEACA148EB}.Release|Any CPU.Build.0 = Release|Any CPU
		{9E75D54C-0289-4DCD-B052-0C44D590D114}.Debug|Any CPU.ActiveCfg = Debug|Any CPU
		{9E75D54C-0289-4DCD-B052-0C44D590D114}.Debug|Any CPU.Build.0 = Debug|Any CPU
		{9E75D54C-0289-4DCD-B052-0C44D590D114}.Release|Any CPU.ActiveCfg = Release|Any CPU
		{9E75D54C-0289-4DCD-B052-0C44D590D114}.Release|Any CPU.Build.0 = Release|Any CPU
		{8569AF43-ADCD-437A-BD16-4EB30B2DED3A}.Debug|Any CPU.ActiveCfg = Debug|Any CPU
		{8569AF43-ADCD-437A-BD16-4EB30B2DED3A}.Debug|Any CPU.Build.0 = Debug|Any CPU
		{8569AF43-ADCD-437A-BD16-4EB30B2DED3A}.Release|Any CPU.ActiveCfg = Release|Any CPU
		{8569AF43-ADCD-437A-BD16-4EB30B2DED3A}.Release|Any CPU.Build.0 = Release|Any CPU
	EndGlobalSection
	GlobalSection(SolutionProperties) = preSolution
		HideSolutionNode = FALSE
	EndGlobalSection
	GlobalSection(NestedProjects) = preSolution
		{E576FA9E-A328-4FB2-9DC7-056BBB30CFF6} = {60EC07A7-E406-41EF-9EA5-76C0280FB36A}
		{B44A55DA-E58C-4D01-9AE9-7563353F4CA7} = {60EC07A7-E406-41EF-9EA5-76C0280FB36A}
		{ED9AD438-9967-4438-B4E3-9F696587785A} = {60EC07A7-E406-41EF-9EA5-76C0280FB36A}
		{19DC27D9-E71A-4941-ADE8-2DC7D2CD71F6} = {04B4A75D-C101-416B-953E-F361EC622CF8}
		{FCD12897-908E-4B14-95B8-DD25A20FA027} = {04B4A75D-C101-416B-953E-F361EC622CF8}
		{B1A8A3DF-594D-48CA-B4BD-1A64F04D2D65} = {25E81A99-6E84-40C1-B0E0-C135C5CF2D31}
		{12333BDB-0555-4ED1-92E9-94B21B362118} = {25E81A99-6E84-40C1-B0E0-C135C5CF2D31}
		{A3BC5876-304D-4870-A167-F6ACC6CE4603} = {434DBC6C-C47A-4BC4-BB75-66E26C249F8D}
		{94E1F571-FDD6-4034-88AE-7E21277E6BF8} = {3BC13EE8-CD5F-4920-AC7E-1D90A7709FF7}
		{B080A442-FFAF-4D61-AAFD-0E828F7FDE6E} = {5C283F46-1FD5-4C03-8B56-056321BEFB71}
		{70E1C87B-BF0C-419B-8D8A-D1198C236635} = {5C283F46-1FD5-4C03-8B56-056321BEFB71}
		{5C59D137-4786-4BFB-B3BE-92F2C6F1D275} = {2DA24574-BE6C-4063-B4F6-61FFDA8720A8}
		{2A99E4E4-A166-4CCA-917E-9B07A87ADF92} = {2DA24574-BE6C-4063-B4F6-61FFDA8720A8}
		{C1CDDBFD-2298-4766-A870-409BBE892296} = {31183577-6381-4C0A-B377-1EDF4AB66786}
		{A2927379-E6D7-4171-B61A-13B9F7C85C30} = {31183577-6381-4C0A-B377-1EDF4AB66786}
		{73C90779-AB44-49B4-9CDE-FD48AC03768F} = {65405CEB-3337-4F08-BC8B-E5A743DE1AA7}
		{86FB790E-5336-466C-96F7-1192444932D6} = {8C2A8DCC-C35C-4F15-8479-FB42863BF6BD}
		{01889421-3E4B-4A5D-856E-A1BEACA148EB} = {8C2A8DCC-C35C-4F15-8479-FB42863BF6BD}
		{9E75D54C-0289-4DCD-B052-0C44D590D114} = {47A0628D-502B-4561-BA47-6A188A138C3F}
		{8569AF43-ADCD-437A-BD16-4EB30B2DED3A} = {47A0628D-502B-4561-BA47-6A188A138C3F}
	EndGlobalSection
	GlobalSection(ExtensibilityGlobals) = postSolution
		SolutionGuid = {2A90C1F6-82AC-4C43-B10F-91DA5C241153}
	EndGlobalSection
EndGlobal
